
Microsoft Visual Studio Solution File, Format Version 12.00
# Visual Studio Version 16
VisualStudioVersion = 16.0.30114.105
MinimumVisualStudioVersion = 10.0.40219.1
Project("{FAE04EC0-301F-11D3-BF4B-00C04F79EFBC}") = "OOP_Lesson_1", "OOP_Lesson_1\OOP_Lesson_1.csproj", "{29A33009-4E64-4FCA-B6EF-92CFB5210F7C}"
EndProject
Global
	GlobalSection(SolutionConfigurationPlatforms) = preSolution
		Debug|Any CPU = Debug|Any CPU
		Release|Any CPU = Release|Any CPU
	EndGlobalSection
	GlobalSection(ProjectConfigurationPlatforms) = postSolution
		{29A33009-4E64-4FCA-B6EF-92CFB5210F7C}.Debug|Any CPU.ActiveCfg = Debug|Any CPU
		{29A33009-4E64-4FCA-B6EF-92CFB5210F7C}.Debug|Any CPU.Build.0 = Debug|Any CPU
		{29A33009-4E64-4FCA-B6EF-92CFB5210F7C}.Release|Any CPU.ActiveCfg = Release|Any CPU
		{29A33009-4E64-4FCA-B6EF-92CFB5210F7C}.Release|Any CPU.Build.0 = Release|Any CPU
	EndGlobalSection
	GlobalSection(SolutionProperties) = preSolution
		HideSolutionNode = FALSE
	EndGlobalSection
	GlobalSection(ExtensibilityGlobals) = postSolution
		SolutionGuid = {C1E261E4-2CB7-43B4-9717-E344EDEDD6B7}
	EndGlobalSection
EndGlobal
